
Microsoft Visual Studio Solution File, Format Version 12.00
# Visual Studio Version 17
VisualStudioVersion = 17.1.32414.318
MinimumVisualStudioVersion = 10.0.40219.1
Project("{FAE04EC0-301F-11D3-BF4B-00C04F79EFBC}") = "NumberGame2", "NumberGame2\NumberGame2.csproj", "{31A044C2-AE9C-4BDD-9501-D107C3CBEF22}"
EndProject
Global
	GlobalSection(SolutionConfigurationPlatforms) = preSolution
		Debug|Any CPU = Debug|Any CPU
		Release|Any CPU = Release|Any CPU
	EndGlobalSection
	GlobalSection(ProjectConfigurationPlatforms) = postSolution
		{31A044C2-AE9C-4BDD-9501-D107C3CBEF22}.Debug|Any CPU.ActiveCfg = Debug|Any CPU
		{31A044C2-AE9C-4BDD-9501-D107C3CBEF22}.Debug|Any CPU.Build.0 = Debug|Any CPU
		{31A044C2-AE9C-4BDD-9501-D107C3CBEF22}.Release|Any CPU.ActiveCfg = Release|Any CPU
		{31A044C2-AE9C-4BDD-9501-D107C3CBEF22}.Release|Any CPU.Build.0 = Release|Any CPU
	EndGlobalSection
	GlobalSection(SolutionProperties) = preSolution
		HideSolutionNode = FALSE
	EndGlobalSection
	GlobalSection(ExtensibilityGlobals) = postSolution
		SolutionGuid = {7FAA9E44-3CA8-4B3B-AD3C-134C47E90206}
	EndGlobalSection
EndGlobal
